
Microsoft Visual Studio Solution File, Format Version 12.00
# Visual Studio Version 16
VisualStudioVersion = 16.0.29306.81
MinimumVisualStudioVersion = 10.0.40219.1
Project("{FAE04EC0-301F-11D3-BF4B-00C04F79EFBC}") = "LambdaTutorial", "LambdaTutorial\LambdaTutorial.csproj", "{0175F013-973F-4CD8-9D67-58A733E2D121}"
EndProject
Global
	GlobalSection(SolutionConfigurationPlatforms) = preSolution
		Debug|Any CPU = Debug|Any CPU
		Release|Any CPU = Release|Any CPU
	EndGlobalSection
	GlobalSection(ProjectConfigurationPlatforms) = postSolution
		{0175F013-973F-4CD8-9D67-58A733E2D121}.Debug|Any CPU.ActiveCfg = Debug|Any CPU
		{0175F013-973F-4CD8-9D67-58A733E2D121}.Debug|Any CPU.Build.0 = Debug|Any CPU
		{0175F013-973F-4CD8-9D67-58A733E2D121}.Release|Any CPU.ActiveCfg = Release|Any CPU
		{0175F013-973F-4CD8-9D67-58A733E2D121}.Release|Any CPU.Build.0 = Release|Any CPU
	EndGlobalSection
	GlobalSection(SolutionProperties) = preSolution
		HideSolutionNode = FALSE
	EndGlobalSection
	GlobalSection(ExtensibilityGlobals) = postSolution
		SolutionGuid = {C17BC64C-F14D-453E-914F-0A32CFFE4145}
	EndGlobalSection
EndGlobal
