
Microsoft Visual Studio Solution File, Format Version 12.00
# Visual Studio Version 16
VisualStudioVersion = 16.0.30320.27
MinimumVisualStudioVersion = 10.0.40219.1
Project("{FAE04EC0-301F-11D3-BF4B-00C04F79EFBC}") = "SpgCollections.Tests", "SpgCollections.Tests\SpgCollections.Tests.csproj", "{1F86C18B-E18F-4BA9-A5D9-73062A3BD682}"
EndProject
Global
	GlobalSection(SolutionConfigurationPlatforms) = preSolution
		Debug|Any CPU = Debug|Any CPU
		Release|Any CPU = Release|Any CPU
	EndGlobalSection
	GlobalSection(ProjectConfigurationPlatforms) = postSolution
		{1F86C18B-E18F-4BA9-A5D9-73062A3BD682}.Debug|Any CPU.ActiveCfg = Debug|Any CPU
		{1F86C18B-E18F-4BA9-A5D9-73062A3BD682}.Debug|Any CPU.Build.0 = Debug|Any CPU
		{1F86C18B-E18F-4BA9-A5D9-73062A3BD682}.Release|Any CPU.ActiveCfg = Release|Any CPU
		{1F86C18B-E18F-4BA9-A5D9-73062A3BD682}.Release|Any CPU.Build.0 = Release|Any CPU
	EndGlobalSection
	GlobalSection(SolutionProperties) = preSolution
		HideSolutionNode = FALSE
	EndGlobalSection
	GlobalSection(ExtensibilityGlobals) = postSolution
		SolutionGuid = {F2EA766F-FB19-4098-A42A-F5536924E088}
	EndGlobalSection
EndGlobal
