
Microsoft Visual Studio Solution File, Format Version 12.00
# Visual Studio Version 16
VisualStudioVersion = 16.0.29306.81
MinimumVisualStudioVersion = 10.0.40219.1
Project("{FAE04EC0-301F-11D3-BF4B-00C04F79EFBC}") = "LambdaTutorial_02", "LambdaTutorial_02\LambdaTutorial_02.csproj", "{97FD7CEF-87CF-4B24-95F7-8A1FD8B4CCDF}"
EndProject
Global
	GlobalSection(SolutionConfigurationPlatforms) = preSolution
		Debug|Any CPU = Debug|Any CPU
		Release|Any CPU = Release|Any CPU
	EndGlobalSection
	GlobalSection(ProjectConfigurationPlatforms) = postSolution
		{97FD7CEF-87CF-4B24-95F7-8A1FD8B4CCDF}.Debug|Any CPU.ActiveCfg = Debug|Any CPU
		{97FD7CEF-87CF-4B24-95F7-8A1FD8B4CCDF}.Debug|Any CPU.Build.0 = Debug|Any CPU
		{97FD7CEF-87CF-4B24-95F7-8A1FD8B4CCDF}.Release|Any CPU.ActiveCfg = Release|Any CPU
		{97FD7CEF-87CF-4B24-95F7-8A1FD8B4CCDF}.Release|Any CPU.Build.0 = Release|Any CPU
	EndGlobalSection
	GlobalSection(SolutionProperties) = preSolution
		HideSolutionNode = FALSE
	EndGlobalSection
	GlobalSection(ExtensibilityGlobals) = postSolution
		SolutionGuid = {F9A20C43-1AB9-4162-B10F-7B0AEBB8F557}
	EndGlobalSection
EndGlobal
