
Microsoft Visual Studio Solution File, Format Version 12.00
# Visual Studio Version 16
VisualStudioVersion = 16.0.30320.27
MinimumVisualStudioVersion = 10.0.40219.1
Project("{FAE04EC0-301F-11D3-BF4B-00C04F79EFBC}") = "Spg.AsyncAwait.Tests", "Spg.AsyncAwait.Tests\Spg.AsyncAwait.Tests.csproj", "{EE8882D4-EB17-4D0B-8129-37DE4FF90DD3}"
EndProject
Global
	GlobalSection(SolutionConfigurationPlatforms) = preSolution
		Debug|Any CPU = Debug|Any CPU
		Release|Any CPU = Release|Any CPU
	EndGlobalSection
	GlobalSection(ProjectConfigurationPlatforms) = postSolution
		{EE8882D4-EB17-4D0B-8129-37DE4FF90DD3}.Debug|Any CPU.ActiveCfg = Debug|Any CPU
		{EE8882D4-EB17-4D0B-8129-37DE4FF90DD3}.Debug|Any CPU.Build.0 = Debug|Any CPU
		{EE8882D4-EB17-4D0B-8129-37DE4FF90DD3}.Release|Any CPU.ActiveCfg = Release|Any CPU
		{EE8882D4-EB17-4D0B-8129-37DE4FF90DD3}.Release|Any CPU.Build.0 = Release|Any CPU
	EndGlobalSection
	GlobalSection(SolutionProperties) = preSolution
		HideSolutionNode = FALSE
	EndGlobalSection
	GlobalSection(ExtensibilityGlobals) = postSolution
		SolutionGuid = {BD679440-5EC2-4F9F-904F-A07B2DA3FA9B}
	EndGlobalSection
EndGlobal
