
Microsoft Visual Studio Solution File, Format Version 12.00
# Visual Studio Version 16
VisualStudioVersion = 16.0.30320.27
MinimumVisualStudioVersion = 10.0.40219.1
Project("{FAE04EC0-301F-11D3-BF4B-00C04F79EFBC}") = "Spg.Basics.App", "src\Spg.Basics.App\Spg.Basics.App.csproj", "{E0CDC38A-D45F-4CA7-BC81-E9D6FC5810D1}"
EndProject
Global
	GlobalSection(SolutionConfigurationPlatforms) = preSolution
		Debug|Any CPU = Debug|Any CPU
		Release|Any CPU = Release|Any CPU
	EndGlobalSection
	GlobalSection(ProjectConfigurationPlatforms) = postSolution
		{E0CDC38A-D45F-4CA7-BC81-E9D6FC5810D1}.Debug|Any CPU.ActiveCfg = Debug|Any CPU
		{E0CDC38A-D45F-4CA7-BC81-E9D6FC5810D1}.Debug|Any CPU.Build.0 = Debug|Any CPU
		{E0CDC38A-D45F-4CA7-BC81-E9D6FC5810D1}.Release|Any CPU.ActiveCfg = Release|Any CPU
		{E0CDC38A-D45F-4CA7-BC81-E9D6FC5810D1}.Release|Any CPU.Build.0 = Release|Any CPU
	EndGlobalSection
	GlobalSection(SolutionProperties) = preSolution
		HideSolutionNode = FALSE
	EndGlobalSection
	GlobalSection(ExtensibilityGlobals) = postSolution
		SolutionGuid = {93119DE4-625D-49C8-9F08-DC0A5C60B64B}
	EndGlobalSection
EndGlobal
