
Microsoft Visual Studio Solution File, Format Version 12.00
# Visual Studio Version 16
VisualStudioVersion = 16.0.30320.27
MinimumVisualStudioVersion = 10.0.40219.1
Project("{FAE04EC0-301F-11D3-BF4B-00C04F79EFBC}") = "Spg.CpuBoundWork.Tests", "Spg.CpuBoundWork.Tests\Spg.CpuBoundWork.Tests.csproj", "{69A53EA6-1574-4904-99BE-E37D297835E4}"
EndProject
Global
	GlobalSection(SolutionConfigurationPlatforms) = preSolution
		Debug|Any CPU = Debug|Any CPU
		Release|Any CPU = Release|Any CPU
	EndGlobalSection
	GlobalSection(ProjectConfigurationPlatforms) = postSolution
		{69A53EA6-1574-4904-99BE-E37D297835E4}.Debug|Any CPU.ActiveCfg = Debug|Any CPU
		{69A53EA6-1574-4904-99BE-E37D297835E4}.Debug|Any CPU.Build.0 = Debug|Any CPU
		{69A53EA6-1574-4904-99BE-E37D297835E4}.Release|Any CPU.ActiveCfg = Release|Any CPU
		{69A53EA6-1574-4904-99BE-E37D297835E4}.Release|Any CPU.Build.0 = Release|Any CPU
	EndGlobalSection
	GlobalSection(SolutionProperties) = preSolution
		HideSolutionNode = FALSE
	EndGlobalSection
	GlobalSection(ExtensibilityGlobals) = postSolution
		SolutionGuid = {194841B8-0730-431E-93E4-11EFC782737B}
	EndGlobalSection
EndGlobal
