
Microsoft Visual Studio Solution File, Format Version 12.00
# Visual Studio Version 16
VisualStudioVersion = 16.0.30320.27
MinimumVisualStudioVersion = 10.0.40219.1
Project("{9A19103F-16F7-4668-BE54-9A1E7A4F7556}") = "Spg.MvcTestsAdmin.WebApp", "src\Spg.MvcTestsAdmin.WebApp\Spg.MvcTestsAdmin.WebApp.csproj", "{E484A30F-4B49-426D-A14E-855718775DAA}"
EndProject
Project("{FAE04EC0-301F-11D3-BF4B-00C04F79EFBC}") = "Spg.MvcTestsAdmin.Service", "src\Spg.MvcTestsAdmin.Service\Spg.MvcTestsAdmin.Service.csproj", "{6CA9F7E2-C964-4BAE-8C54-068356AD63EC}"
EndProject
Global
	GlobalSection(SolutionConfigurationPlatforms) = preSolution
		Debug|Any CPU = Debug|Any CPU
		Release|Any CPU = Release|Any CPU
	EndGlobalSection
	GlobalSection(ProjectConfigurationPlatforms) = postSolution
		{E484A30F-4B49-426D-A14E-855718775DAA}.Debug|Any CPU.ActiveCfg = Debug|Any CPU
		{E484A30F-4B49-426D-A14E-855718775DAA}.Debug|Any CPU.Build.0 = Debug|Any CPU
		{E484A30F-4B49-426D-A14E-855718775DAA}.Release|Any CPU.ActiveCfg = Release|Any CPU
		{E484A30F-4B49-426D-A14E-855718775DAA}.Release|Any CPU.Build.0 = Release|Any CPU
		{6CA9F7E2-C964-4BAE-8C54-068356AD63EC}.Debug|Any CPU.ActiveCfg = Debug|Any CPU
		{6CA9F7E2-C964-4BAE-8C54-068356AD63EC}.Debug|Any CPU.Build.0 = Debug|Any CPU
		{6CA9F7E2-C964-4BAE-8C54-068356AD63EC}.Release|Any CPU.ActiveCfg = Release|Any CPU
		{6CA9F7E2-C964-4BAE-8C54-068356AD63EC}.Release|Any CPU.Build.0 = Release|Any CPU
	EndGlobalSection
	GlobalSection(SolutionProperties) = preSolution
		HideSolutionNode = FALSE
	EndGlobalSection
	GlobalSection(ExtensibilityGlobals) = postSolution
		SolutionGuid = {EFEF52A8-8D9A-494A-8309-DA9A7D8BB064}
	EndGlobalSection
EndGlobal
