
Microsoft Visual Studio Solution File, Format Version 12.00
# Visual Studio Version 16
VisualStudioVersion = 16.0.30320.27
MinimumVisualStudioVersion = 10.0.40219.1
Project("{FAE04EC0-301F-11D3-BF4B-00C04F79EFBC}") = "Spg.Properties.Tests", "Spg.Properties.Tests\Spg.Properties.Tests.csproj", "{B37FA5BE-5F80-4CC2-B9F1-8BBE4E9765C6}"
EndProject
Global
	GlobalSection(SolutionConfigurationPlatforms) = preSolution
		Debug|Any CPU = Debug|Any CPU
		Release|Any CPU = Release|Any CPU
	EndGlobalSection
	GlobalSection(ProjectConfigurationPlatforms) = postSolution
		{B37FA5BE-5F80-4CC2-B9F1-8BBE4E9765C6}.Debug|Any CPU.ActiveCfg = Debug|Any CPU
		{B37FA5BE-5F80-4CC2-B9F1-8BBE4E9765C6}.Debug|Any CPU.Build.0 = Debug|Any CPU
		{B37FA5BE-5F80-4CC2-B9F1-8BBE4E9765C6}.Release|Any CPU.ActiveCfg = Release|Any CPU
		{B37FA5BE-5F80-4CC2-B9F1-8BBE4E9765C6}.Release|Any CPU.Build.0 = Release|Any CPU
	EndGlobalSection
	GlobalSection(SolutionProperties) = preSolution
		HideSolutionNode = FALSE
	EndGlobalSection
	GlobalSection(ExtensibilityGlobals) = postSolution
		SolutionGuid = {FD33C350-6D66-411C-95A9-8B2E6E96A572}
	EndGlobalSection
EndGlobal
