
Microsoft Visual Studio Solution File, Format Version 12.00
# Visual Studio Version 16
VisualStudioVersion = 16.0.30804.86
MinimumVisualStudioVersion = 10.0.40219.1
Project("{FAE04EC0-301F-11D3-BF4B-00C04F79EFBC}") = "Spg.CodeFirstDemo.4BAIF", "Spg.CodeFirstDemo.4BAIF\Spg.CodeFirstDemo.4BAIF.csproj", "{8C87CBDC-6829-4F03-8919-7D2B2AC1DE8D}"
EndProject
Global
	GlobalSection(SolutionConfigurationPlatforms) = preSolution
		Debug|Any CPU = Debug|Any CPU
		Release|Any CPU = Release|Any CPU
	EndGlobalSection
	GlobalSection(ProjectConfigurationPlatforms) = postSolution
		{8C87CBDC-6829-4F03-8919-7D2B2AC1DE8D}.Debug|Any CPU.ActiveCfg = Debug|Any CPU
		{8C87CBDC-6829-4F03-8919-7D2B2AC1DE8D}.Debug|Any CPU.Build.0 = Debug|Any CPU
		{8C87CBDC-6829-4F03-8919-7D2B2AC1DE8D}.Release|Any CPU.ActiveCfg = Release|Any CPU
		{8C87CBDC-6829-4F03-8919-7D2B2AC1DE8D}.Release|Any CPU.Build.0 = Release|Any CPU
	EndGlobalSection
	GlobalSection(SolutionProperties) = preSolution
		HideSolutionNode = FALSE
	EndGlobalSection
	GlobalSection(ExtensibilityGlobals) = postSolution
		SolutionGuid = {B153A76D-6655-4D8A-8498-D88152860612}
	EndGlobalSection
EndGlobal
