
Microsoft Visual Studio Solution File, Format Version 12.00
# Visual Studio Version 16
VisualStudioVersion = 16.0.30804.86
MinimumVisualStudioVersion = 10.0.40219.1
Project("{9A19103F-16F7-4668-BE54-9A1E7A4F7556}") = "LinqUebung2.App", "LinqUebung2.App.csproj", "{40B36431-A52A-4637-B4AC-C1063B3A7541}"
EndProject
Global
	GlobalSection(SolutionConfigurationPlatforms) = preSolution
		Debug|Any CPU = Debug|Any CPU
		Release|Any CPU = Release|Any CPU
	EndGlobalSection
	GlobalSection(ProjectConfigurationPlatforms) = postSolution
		{40B36431-A52A-4637-B4AC-C1063B3A7541}.Debug|Any CPU.ActiveCfg = Debug|Any CPU
		{40B36431-A52A-4637-B4AC-C1063B3A7541}.Debug|Any CPU.Build.0 = Debug|Any CPU
		{40B36431-A52A-4637-B4AC-C1063B3A7541}.Release|Any CPU.ActiveCfg = Release|Any CPU
		{40B36431-A52A-4637-B4AC-C1063B3A7541}.Release|Any CPU.Build.0 = Release|Any CPU
	EndGlobalSection
	GlobalSection(SolutionProperties) = preSolution
		HideSolutionNode = FALSE
	EndGlobalSection
	GlobalSection(ExtensibilityGlobals) = postSolution
		SolutionGuid = {8788B2B6-865E-43E7-93ED-A5D19B2FB78D}
	EndGlobalSection
EndGlobal
