
Microsoft Visual Studio Solution File, Format Version 12.00
# Visual Studio Version 16
VisualStudioVersion = 16.0.29609.76
MinimumVisualStudioVersion = 10.0.40219.1
Project("{FAE04EC0-301F-11D3-BF4B-00C04F79EFBC}") = "School2000Api", "School2000Api\School2000Api.csproj", "{624E54C0-513F-442A-A767-FE966D2F8A00}"
EndProject
Global
	GlobalSection(SolutionConfigurationPlatforms) = preSolution
		Debug|Any CPU = Debug|Any CPU
		Release|Any CPU = Release|Any CPU
	EndGlobalSection
	GlobalSection(ProjectConfigurationPlatforms) = postSolution
		{624E54C0-513F-442A-A767-FE966D2F8A00}.Debug|Any CPU.ActiveCfg = Debug|Any CPU
		{624E54C0-513F-442A-A767-FE966D2F8A00}.Debug|Any CPU.Build.0 = Debug|Any CPU
		{624E54C0-513F-442A-A767-FE966D2F8A00}.Release|Any CPU.ActiveCfg = Release|Any CPU
		{624E54C0-513F-442A-A767-FE966D2F8A00}.Release|Any CPU.Build.0 = Release|Any CPU
	EndGlobalSection
	GlobalSection(SolutionProperties) = preSolution
		HideSolutionNode = FALSE
	EndGlobalSection
	GlobalSection(ExtensibilityGlobals) = postSolution
		SolutionGuid = {1C0F2262-B4FB-4C10-A86E-DCBECC517FE2}
	EndGlobalSection
EndGlobal
