
Microsoft Visual Studio Solution File, Format Version 12.00
# Visual Studio Version 16
VisualStudioVersion = 16.0.29326.143
MinimumVisualStudioVersion = 10.0.40219.1
Project("{FAE04EC0-301F-11D3-BF4B-00C04F79EFBC}") = "SPG.3BHIF.Equals", "SPG.3BHIF.Equals\SPG.3BHIF.Equals.csproj", "{F87817EB-4A84-4857-91BD-2288BEEC368A}"
EndProject
Global
	GlobalSection(SolutionConfigurationPlatforms) = preSolution
		Debug|Any CPU = Debug|Any CPU
		Release|Any CPU = Release|Any CPU
	EndGlobalSection
	GlobalSection(ProjectConfigurationPlatforms) = postSolution
		{F87817EB-4A84-4857-91BD-2288BEEC368A}.Debug|Any CPU.ActiveCfg = Debug|Any CPU
		{F87817EB-4A84-4857-91BD-2288BEEC368A}.Debug|Any CPU.Build.0 = Debug|Any CPU
		{F87817EB-4A84-4857-91BD-2288BEEC368A}.Release|Any CPU.ActiveCfg = Release|Any CPU
		{F87817EB-4A84-4857-91BD-2288BEEC368A}.Release|Any CPU.Build.0 = Release|Any CPU
	EndGlobalSection
	GlobalSection(SolutionProperties) = preSolution
		HideSolutionNode = FALSE
	EndGlobalSection
	GlobalSection(ExtensibilityGlobals) = postSolution
		SolutionGuid = {4708864E-1DDC-4875-99C6-D438FB614765}
	EndGlobalSection
EndGlobal
