
Microsoft Visual Studio Solution File, Format Version 12.00
# Visual Studio Version 16
VisualStudioVersion = 16.0.30711.63
MinimumVisualStudioVersion = 10.0.40219.1
Project("{9A19103F-16F7-4668-BE54-9A1E7A4F7556}") = "LinqUebung2.App", "LinqUebung2.App.csproj", "{A980BC90-65FC-48E8-A9A9-6F844EB40D2A}"
EndProject
Global
	GlobalSection(SolutionConfigurationPlatforms) = preSolution
		Debug|Any CPU = Debug|Any CPU
		Release|Any CPU = Release|Any CPU
	EndGlobalSection
	GlobalSection(ProjectConfigurationPlatforms) = postSolution
		{A980BC90-65FC-48E8-A9A9-6F844EB40D2A}.Debug|Any CPU.ActiveCfg = Debug|Any CPU
		{A980BC90-65FC-48E8-A9A9-6F844EB40D2A}.Debug|Any CPU.Build.0 = Debug|Any CPU
		{A980BC90-65FC-48E8-A9A9-6F844EB40D2A}.Release|Any CPU.ActiveCfg = Release|Any CPU
		{A980BC90-65FC-48E8-A9A9-6F844EB40D2A}.Release|Any CPU.Build.0 = Release|Any CPU
	EndGlobalSection
	GlobalSection(SolutionProperties) = preSolution
		HideSolutionNode = FALSE
	EndGlobalSection
	GlobalSection(ExtensibilityGlobals) = postSolution
		SolutionGuid = {8E0FEBC5-64EE-46C4-969C-9183163A0BF1}
	EndGlobalSection
EndGlobal
