
Microsoft Visual Studio Solution File, Format Version 12.00
# Visual Studio Version 16
VisualStudioVersion = 16.0.30320.27
MinimumVisualStudioVersion = 10.0.40219.1
Project("{FAE04EC0-301F-11D3-BF4B-00C04F79EFBC}") = "Spg.ReferenceTypes.Excercise", "Spg.ReferenceTypes.Excercise\Spg.ReferenceTypes.Excercise.csproj", "{5769E323-0125-41F2-AE1F-99803F8E8947}"
EndProject
Global
	GlobalSection(SolutionConfigurationPlatforms) = preSolution
		Debug|Any CPU = Debug|Any CPU
		Release|Any CPU = Release|Any CPU
	EndGlobalSection
	GlobalSection(ProjectConfigurationPlatforms) = postSolution
		{5769E323-0125-41F2-AE1F-99803F8E8947}.Debug|Any CPU.ActiveCfg = Debug|Any CPU
		{5769E323-0125-41F2-AE1F-99803F8E8947}.Debug|Any CPU.Build.0 = Debug|Any CPU
		{5769E323-0125-41F2-AE1F-99803F8E8947}.Release|Any CPU.ActiveCfg = Release|Any CPU
		{5769E323-0125-41F2-AE1F-99803F8E8947}.Release|Any CPU.Build.0 = Release|Any CPU
	EndGlobalSection
	GlobalSection(SolutionProperties) = preSolution
		HideSolutionNode = FALSE
	EndGlobalSection
	GlobalSection(ExtensibilityGlobals) = postSolution
		SolutionGuid = {39682145-F793-4379-BA2A-2E22A0C0ADA4}
	EndGlobalSection
EndGlobal
