
Microsoft Visual Studio Solution File, Format Version 12.00
# Visual Studio Version 16
VisualStudioVersion = 16.0.29324.140
MinimumVisualStudioVersion = 10.0.40219.1
Project("{FAE04EC0-301F-11D3-BF4B-00C04F79EFBC}") = "LambdaUebungen", "LambdaUebungen\LambdaUebungen.csproj", "{EE02FACF-4266-4E71-BC6E-A20FCA757277}"
EndProject
Global
	GlobalSection(SolutionConfigurationPlatforms) = preSolution
		Debug|Any CPU = Debug|Any CPU
		Release|Any CPU = Release|Any CPU
	EndGlobalSection
	GlobalSection(ProjectConfigurationPlatforms) = postSolution
		{EE02FACF-4266-4E71-BC6E-A20FCA757277}.Debug|Any CPU.ActiveCfg = Debug|Any CPU
		{EE02FACF-4266-4E71-BC6E-A20FCA757277}.Debug|Any CPU.Build.0 = Debug|Any CPU
		{EE02FACF-4266-4E71-BC6E-A20FCA757277}.Release|Any CPU.ActiveCfg = Release|Any CPU
		{EE02FACF-4266-4E71-BC6E-A20FCA757277}.Release|Any CPU.Build.0 = Release|Any CPU
	EndGlobalSection
	GlobalSection(SolutionProperties) = preSolution
		HideSolutionNode = FALSE
	EndGlobalSection
	GlobalSection(ExtensibilityGlobals) = postSolution
		SolutionGuid = {268E9666-A55B-4610-A931-FBFD9186F1E8}
	EndGlobalSection
EndGlobal
